{
  "name": "@typescript-package/descriptor",
  "version": "1.0.0-beta",
  "lockfileVersion": 3,
  "requires": true,
  "packages": {
    "": {
      "name": "@typescript-package/descriptor",
      "version": "1.0.0-beta",
      "funding": [
        {
          "type": "stripe",
          "url": "https://donate.stripe.com/dR614hfDZcJE3wAcMM"
        },
        {
          "type": "revolut",
          "url": "https://checkout.revolut.com/pay/048b10a3-0e10-42c8-a917-e3e9cb4c8e29"
        }
      ],
      "license": "MIT",
      "peerDependencies": {
        "@typedly/callback": "^1.0.0",
        "@typedly/descriptor": "^9.0.0"
      }
    },
    "node_modules/@typedly/callback": {
      "version": "1.0.0",
      "resolved": "https://registry.npmjs.org/@typedly/callback/-/callback-1.0.0.tgz",
      "integrity": "sha512-eKHSBIVb9QDbXOlW10gMeQrgxyTf0bEk0GpITIk9ph0McwfbW2hXJqf4DJwq7sWP0fh/z66rrT95i8EAGODGtw==",
      "funding": [
        {
          "type": "stripe",
          "url": "https://donate.stripe.com/dR614hfDZcJE3wAcMM"
        },
        {
          "type": "revolut",
          "url": "https://checkout.revolut.com/pay/048b10a3-0e10-42c8-a917-e3e9cb4c8e29"
        }
      ],
      "license": "MIT",
      "peer": true
    },
    "node_modules/@typedly/controller": {
      "version": "0.1.0",
      "resolved": "https://registry.npmjs.org/@typedly/controller/-/controller-0.1.0.tgz",
      "integrity": "sha512-myMR35MSNABagsoox+xXVphPyHdpzjHrjZQlkSlLDWqwAnGPNAx2QvW5gTWqFLd6J2A3RHiux5tmEe1fVuTjGg==",
      "funding": [
        {
          "type": "stripe",
          "url": "https://donate.stripe.com/dR614hfDZcJE3wAcMM"
        },
        {
          "type": "revolut",
          "url": "https://checkout.revolut.com/pay/048b10a3-0e10-42c8-a917-e3e9cb4c8e29"
        }
      ],
      "license": "MIT",
      "peer": true,
      "peerDependencies": {
        "@typedly/callback": "^1.0.0",
        "@typedly/descriptor": "^9.0.0"
      }
    },
    "node_modules/@typedly/descriptor": {
      "version": "9.0.0",
      "resolved": "https://registry.npmjs.org/@typedly/descriptor/-/descriptor-9.0.0.tgz",
      "integrity": "sha512-xBBzoBVpaw9ImxVrA/pDPWtXSPNjdWsodGJBxuhgt1JbT2eu/B39SO989N4rRM4seUJASgy0bVI2Z6HvsXZYEw==",
      "funding": [
        {
          "type": "stripe",
          "url": "https://donate.stripe.com/dR614hfDZcJE3wAcMM"
        },
        {
          "type": "revolut",
          "url": "https://checkout.revolut.com/pay/048b10a3-0e10-42c8-a917-e3e9cb4c8e29"
        }
      ],
      "license": "MIT",
      "peer": true,
      "peerDependencies": {
        "@typedly/callback": "^1.0.0"
      }
    }
  }
}
